// !$*UTF8*$!
{
	archiveVersion = 1;
	classes = {
	};
	objectVersion = 56;
	objects = {

/* Begin PBXBuildFile section */
		A1000001 /* BabyInCarApp.swift in Sources */ = {isa = PBXBuildFile; fileRef = A2000001 /* BabyInCarApp.swift */; };
		A1000002 /* SceneDelegate.swift in Sources */ = {isa = PBXBuildFile; fileRef = A2000002 /* SceneDelegate.swift */; };
		A1000010 /* Baby.swift in Sources */ = {isa = PBXBuildFile; fileRef = A2000010 /* Baby.swift */; };
		A1000011 /* AudioTrack.swift in Sources */ = {isa = PBXBuildFile; fileRef = A2000011 /* AudioTrack.swift */; };
		A1000020 /* AudioEngine.swift in Sources */ = {isa = PBXBuildFile; fileRef = A2000020 /* AudioEngine.swift */; };
		A1000021 /* AIRecommendationEngine.swift in Sources */ = {isa = PBXBuildFile; fileRef = A2000021 /* AIRecommendationEngine.swift */; };
		A1000022 /* ContentLibraryService.swift in Sources */ = {isa = PBXBuildFile; fileRef = A2000022 /* ContentLibraryService.swift */; };
		A1000023 /* SpeechRecognitionService.swift in Sources */ = {isa = PBXBuildFile; fileRef = A2000023 /* SpeechRecognitionService.swift */; };
		A1000024 /* SubscriptionManager.swift in Sources */ = {isa = PBXBuildFile; fileRef = A2000024 /* SubscriptionManager.swift */; };
		A1000030 /* ContentView.swift in Sources */ = {isa = PBXBuildFile; fileRef = A2000030 /* ContentView.swift */; };
		A1000031 /* OnboardingView.swift in Sources */ = {isa = PBXBuildFile; fileRef = A2000031 /* OnboardingView.swift */; };
		A1000032 /* HomeView.swift in Sources */ = {isa = PBXBuildFile; fileRef = A2000032 /* HomeView.swift */; };
		A1000033 /* LibraryView.swift in Sources */ = {isa = PBXBuildFile; fileRef = A2000033 /* LibraryView.swift */; };
		A1000034 /* PlayerView.swift in Sources */ = {isa = PBXBuildFile; fileRef = A2000034 /* PlayerView.swift */; };
		A1000035 /* FavoritesView.swift in Sources */ = {isa = PBXBuildFile; fileRef = A2000035 /* FavoritesView.swift */; };
		A1000036 /* ProfileView.swift in Sources */ = {isa = PBXBuildFile; fileRef = A2000036 /* ProfileView.swift */; };
		A1000040 /* Colors.swift in Sources */ = {isa = PBXBuildFile; fileRef = A2000040 /* Colors.swift */; };
		A1000050 /* CarPlaySceneDelegate.swift in Sources */ = {isa = PBXBuildFile; fileRef = A2000050 /* CarPlaySceneDelegate.swift */; };
		A1000060 /* Assets.xcassets in Resources */ = {isa = PBXBuildFile; fileRef = A2000060 /* Assets.xcassets */; };
		A1000061 /* LaunchScreen.storyboard in Resources */ = {isa = PBXBuildFile; fileRef = A2000061 /* LaunchScreen.storyboard */; };
		A1000080 /* Audio in Resources */ = {isa = PBXBuildFile; fileRef = A2000080 /* Audio */; };
/* End PBXBuildFile section */

/* Begin PBXFileReference section */
		A2000001 /* BabyInCarApp.swift */ = {isa = PBXFileReference; lastKnownFileType = sourcecode.swift; path = BabyInCarApp.swift; sourceTree = "<group>"; };
		A2000002 /* SceneDelegate.swift */ = {isa = PBXFileReference; lastKnownFileType = sourcecode.swift; path = SceneDelegate.swift; sourceTree = "<group>"; };
		A2000010 /* Baby.swift */ = {isa = PBXFileReference; lastKnownFileType = sourcecode.swift; path = Baby.swift; sourceTree = "<group>"; };
		A2000011 /* AudioTrack.swift */ = {isa = PBXFileReference; lastKnownFileType = sourcecode.swift; path = AudioTrack.swift; sourceTree = "<group>"; };
		A2000020 /* AudioEngine.swift */ = {isa = PBXFileReference; lastKnownFileType = sourcecode.swift; path = AudioEngine.swift; sourceTree = "<group>"; };
		A2000021 /* AIRecommendationEngine.swift */ = {isa = PBXFileReference; lastKnownFileType = sourcecode.swift; path = AIRecommendationEngine.swift; sourceTree = "<group>"; };
		A2000022 /* ContentLibraryService.swift */ = {isa = PBXFileReference; lastKnownFileType = sourcecode.swift; path = ContentLibraryService.swift; sourceTree = "<group>"; };
		A2000023 /* SpeechRecognitionService.swift */ = {isa = PBXFileReference; lastKnownFileType = sourcecode.swift; path = SpeechRecognitionService.swift; sourceTree = "<group>"; };
		A2000024 /* SubscriptionManager.swift */ = {isa = PBXFileReference; lastKnownFileType = sourcecode.swift; path = SubscriptionManager.swift; sourceTree = "<group>"; };
		A2000030 /* ContentView.swift */ = {isa = PBXFileReference; lastKnownFileType = sourcecode.swift; path = ContentView.swift; sourceTree = "<group>"; };
		A2000031 /* OnboardingView.swift */ = {isa = PBXFileReference; lastKnownFileType = sourcecode.swift; path = OnboardingView.swift; sourceTree = "<group>"; };
		A2000032 /* HomeView.swift */ = {isa = PBXFileReference; lastKnownFileType = sourcecode.swift; path = HomeView.swift; sourceTree = "<group>"; };
		A2000033 /* LibraryView.swift */ = {isa = PBXFileReference; lastKnownFileType = sourcecode.swift; path = LibraryView.swift; sourceTree = "<group>"; };
		A2000034 /* PlayerView.swift */ = {isa = PBXFileReference; lastKnownFileType = sourcecode.swift; path = PlayerView.swift; sourceTree = "<group>"; };
		A2000035 /* FavoritesView.swift */ = {isa = PBXFileReference; lastKnownFileType = sourcecode.swift; path = FavoritesView.swift; sourceTree = "<group>"; };
		A2000036 /* ProfileView.swift */ = {isa = PBXFileReference; lastKnownFileType = sourcecode.swift; path = ProfileView.swift; sourceTree = "<group>"; };
		A2000040 /* Colors.swift */ = {isa = PBXFileReference; lastKnownFileType = sourcecode.swift; path = Colors.swift; sourceTree = "<group>"; };
		A2000050 /* CarPlaySceneDelegate.swift */ = {isa = PBXFileReference; lastKnownFileType = sourcecode.swift; path = CarPlaySceneDelegate.swift; sourceTree = "<group>"; };
		A2000060 /* Assets.xcassets */ = {isa = PBXFileReference; lastKnownFileType = folder.assetcatalog; path = Assets.xcassets; sourceTree = "<group>"; };
		A2000061 /* LaunchScreen.storyboard */ = {isa = PBXFileReference; lastKnownFileType = file.storyboard; path = LaunchScreen.storyboard; sourceTree = "<group>"; };
		A2000070 /* Info.plist */ = {isa = PBXFileReference; lastKnownFileType = text.plist.xml; path = Info.plist; sourceTree = "<group>"; };
		A2000071 /* BabyInCarApp.entitlements */ = {isa = PBXFileReference; lastKnownFileType = text.plist.entitlements; path = BabyInCarApp.entitlements; sourceTree = "<group>"; };
		A2000080 /* Audio */ = {isa = PBXFileReference; lastKnownFileType = folder; path = Resources/Audio; sourceTree = "<group>"; };
		A3000000 /* BabyInCarApp.app */ = {isa = PBXFileReference; explicitFileType = wrapper.application; includeInIndex = 0; path = BabyInCarApp.app; sourceTree = BUILT_PRODUCTS_DIR; };
/* End PBXFileReference section */

/* Begin PBXFrameworksBuildPhase section */
		A4000000 /* Frameworks */ = {
			isa = PBXFrameworksBuildPhase;
			buildActionMask = 2147483647;
			files = (
			);
			runOnlyForDeploymentPostprocessing = 0;
		};
/* End PBXFrameworksBuildPhase section */

/* Begin PBXGroup section */
		A5000000 = {
			isa = PBXGroup;
			children = (
				A5000001 /* BabyInCarApp */,
				A5000002 /* Products */,
			);
			sourceTree = "<group>";
		};
		A5000001 /* BabyInCarApp */ = {
			isa = PBXGroup;
			children = (
				A2000001 /* BabyInCarApp.swift */,
				A2000002 /* SceneDelegate.swift */,
				A5000010 /* Models */,
				A5000020 /* Services */,
				A5000030 /* Views */,
				A5000040 /* Extensions */,
				A5000050 /* CarPlay */,
				A5000060 /* Resources */,
			);
			path = BabyInCarApp;
			sourceTree = "<group>";
		};
		A5000002 /* Products */ = {
			isa = PBXGroup;
			children = (
				A3000000 /* BabyInCarApp.app */,
			);
			name = Products;
			sourceTree = "<group>";
		};
		A5000010 /* Models */ = {
			isa = PBXGroup;
			children = (
				A2000010 /* Baby.swift */,
				A2000011 /* AudioTrack.swift */,
			);
			path = Models;
			sourceTree = "<group>";
		};
		A5000020 /* Services */ = {
			isa = PBXGroup;
			children = (
				A2000020 /* AudioEngine.swift */,
				A2000021 /* AIRecommendationEngine.swift */,
				A2000022 /* ContentLibraryService.swift */,
				A2000023 /* SpeechRecognitionService.swift */,
				A2000024 /* SubscriptionManager.swift */,
			);
			path = Services;
			sourceTree = "<group>";
		};
		A5000030 /* Views */ = {
			isa = PBXGroup;
			children = (
				A2000030 /* ContentView.swift */,
				A2000031 /* OnboardingView.swift */,
				A2000032 /* HomeView.swift */,
				A2000033 /* LibraryView.swift */,
				A2000034 /* PlayerView.swift */,
				A2000035 /* FavoritesView.swift */,
				A2000036 /* ProfileView.swift */,
			);
			path = Views;
			sourceTree = "<group>";
		};
		A5000040 /* Extensions */ = {
			isa = PBXGroup;
			children = (
				A2000040 /* Colors.swift */,
			);
			path = Extensions;
			sourceTree = "<group>";
		};
		A5000050 /* CarPlay */ = {
			isa = PBXGroup;
			children = (
				A2000050 /* CarPlaySceneDelegate.swift */,
			);
			path = CarPlay;
			sourceTree = "<group>";
		};
		A5000060 /* Resources */ = {
			isa = PBXGroup;
			children = (
				A2000060 /* Assets.xcassets */,
				A2000061 /* LaunchScreen.storyboard */,
				A2000070 /* Info.plist */,
				A2000071 /* BabyInCarApp.entitlements */,
				A2000080 /* Audio */,
			);
			name = Resources;
			sourceTree = "<group>";
		};
/* End PBXGroup section */

/* Begin PBXNativeTarget section */
		A6000000 /* BabyInCarApp */ = {
			isa = PBXNativeTarget;
			buildConfigurationList = A8000000 /* Build configuration list for PBXNativeTarget "BabyInCarApp" */;
			buildPhases = (
				A6000001 /* Sources */,
				A4000000 /* Frameworks */,
				A6000002 /* Resources */,
			);
			buildRules = (
			);
			dependencies = (
			);
			name = BabyInCarApp;
			productName = BabyInCarApp;
			productReference = A3000000 /* BabyInCarApp.app */;
			productType = "com.apple.product-type.application";
		};
/* End PBXNativeTarget section */

/* Begin PBXProject section */
		A7000000 /* Project object */ = {
			isa = PBXProject;
			attributes = {
				BuildIndependentTargetsInParallel = 1;
				LastSwiftUpdateCheck = 1500;
				LastUpgradeCheck = 1500;
				TargetAttributes = {
					A6000000 = {
						CreatedOnToolsVersion = 15.0;
					};
				};
			};
			buildConfigurationList = A8000001 /* Build configuration list for PBXProject "BabyInCarApp" */;
			compatibilityVersion = "Xcode 14.0";
			developmentRegion = en;
			hasScannedForEncodings = 0;
			knownRegions = (
				en,
				Base,
			);
			mainGroup = A5000000;
			productRefGroup = A5000002 /* Products */;
			projectDirPath = "";
			projectRoot = "";
			targets = (
				A6000000 /* BabyInCarApp */,
			);
		};
/* End PBXProject section */

/* Begin PBXResourcesBuildPhase section */
		A6000002 /* Resources */ = {
			isa = PBXResourcesBuildPhase;
			buildActionMask = 2147483647;
			files = (
				A1000060 /* Assets.xcassets in Resources */,
				A1000061 /* LaunchScreen.storyboard in Resources */,
				A1000080 /* Audio in Resources */,
			);
			runOnlyForDeploymentPostprocessing = 0;
		};
/* End PBXResourcesBuildPhase section */

/* Begin PBXSourcesBuildPhase section */
		A6000001 /* Sources */ = {
			isa = PBXSourcesBuildPhase;
			buildActionMask = 2147483647;
			files = (
				A1000001 /* BabyInCarApp.swift in Sources */,
				A1000002 /* SceneDelegate.swift in Sources */,
				A1000010 /* Baby.swift in Sources */,
				A1000011 /* AudioTrack.swift in Sources */,
				A1000020 /* AudioEngine.swift in Sources */,
				A1000021 /* AIRecommendationEngine.swift in Sources */,
				A1000022 /* ContentLibraryService.swift in Sources */,
				A1000023 /* SpeechRecognitionService.swift in Sources */,
				A1000024 /* SubscriptionManager.swift in Sources */,
				A1000030 /* ContentView.swift in Sources */,
				A1000031 /* OnboardingView.swift in Sources */,
				A1000032 /* HomeView.swift in Sources */,
				A1000033 /* LibraryView.swift in Sources */,
				A1000034 /* PlayerView.swift in Sources */,
				A1000035 /* FavoritesView.swift in Sources */,
				A1000036 /* ProfileView.swift in Sources */,
				A1000040 /* Colors.swift in Sources */,
				A1000050 /* CarPlaySceneDelegate.swift in Sources */,
			);
			runOnlyForDeploymentPostprocessing = 0;
		};
/* End PBXSourcesBuildPhase section */

/* Begin XCBuildConfiguration section */
		A9000000 /* Debug */ = {
			isa = XCBuildConfiguration;
			buildSettings = {
				ALWAYS_SEARCH_USER_PATHS = NO;
				ASSETCATALOG_COMPILER_GENERATE_SWIFT_ASSET_SYMBOL_EXTENSIONS = YES;
				CLANG_ANALYZER_NONNULL = YES;
				CLANG_ANALYZER_NUMBER_OBJECT_CONVERSION = YES_AGGRESSIVE;
				CLANG_CXX_LANGUAGE_STANDARD = "gnu++20";
				CLANG_ENABLE_MODULES = YES;
				CLANG_ENABLE_OBJC_ARC = YES;
				CLANG_ENABLE_OBJC_WEAK = YES;
				CLANG_WARN_BLOCK_CAPTURE_AUTORELEASING = YES;
				CLANG_WARN_BOOL_CONVERSION = YES;
				CLANG_WARN_COMMA = YES;
				CLANG_WARN_CONSTANT_CONVERSION = YES;
				CLANG_WARN_DEPRECATED_OBJC_IMPLEMENTATIONS = YES;
				CLANG_WARN_DIRECT_OBJC_ISA_USAGE = YES_ERROR;
				CLANG_WARN_DOCUMENTATION_COMMENTS = YES;
				CLANG_WARN_EMPTY_BODY = YES;
				CLANG_WARN_ENUM_CONVERSION = YES;
				CLANG_WARN_INFINITE_RECURSION = YES;
				CLANG_WARN_INT_CONVERSION = YES;
				CLANG_WARN_NON_LITERAL_NULL_CONVERSION = YES;
				CLANG_WARN_OBJC_IMPLICIT_RETAIN_SELF = YES;
				CLANG_WARN_OBJC_LITERAL_CONVERSION = YES;
				CLANG_WARN_OBJC_ROOT_CLASS = YES_ERROR;
				CLANG_WARN_QUOTED_INCLUDE_IN_FRAMEWORK_HEADER = YES;
				CLANG_WARN_RANGE_LOOP_ANALYSIS = YES;
				CLANG_WARN_STRICT_PROTOTYPES = YES;
				CLANG_WARN_SUSPICIOUS_MOVE = YES;
				CLANG_WARN_UNGUARDED_AVAILABILITY = YES_AGGRESSIVE;
				CLANG_WARN_UNREACHABLE_CODE = YES;
				CLANG_WARN__DUPLICATE_METHOD_MATCH = YES;
				COPY_PHASE_STRIP = NO;
				DEBUG_INFORMATION_FORMAT = dwarf;
				ENABLE_STRICT_OBJC_MSGSEND = YES;
				ENABLE_TESTABILITY = YES;
				ENABLE_USER_SCRIPT_SANDBOXING = YES;
				GCC_C_LANGUAGE_STANDARD = gnu17;
				GCC_DYNAMIC_NO_PIC = NO;
				GCC_NO_COMMON_BLOCKS = YES;
				GCC_OPTIMIZATION_LEVEL = 0;
				GCC_PREPROCESSOR_DEFINITIONS = (
					"DEBUG=1",
					"$(inherited)",
				);
				GCC_WARN_64_TO_32_BIT_CONVERSION = YES;
				GCC_WARN_ABOUT_RETURN_TYPE = YES_ERROR;
				GCC_WARN_UNDECLARED_SELECTOR = YES;
				GCC_WARN_UNINITIALIZED_AUTOS = YES_AGGRESSIVE;
				GCC_WARN_UNUSED_FUNCTION = YES;
				GCC_WARN_UNUSED_VARIABLE = YES;
				IPHONEOS_DEPLOYMENT_TARGET = 16.0;
				LOCALIZATION_PREFERS_STRING_CATALOGS = YES;
				MTL_ENABLE_DEBUG_INFO = INCLUDE_SOURCE;
				MTL_FAST_MATH = YES;
				ONLY_ACTIVE_ARCH = YES;
				SDKROOT = iphoneos;
				SWIFT_ACTIVE_COMPILATION_CONDITIONS = "DEBUG $(inherited)";
				SWIFT_OPTIMIZATION_LEVEL = "-Onone";
			};
			name = Debug;
		};
		A9000001 /* Release */ = {
			isa = XCBuildConfiguration;
			buildSettings = {
				ALWAYS_SEARCH_USER_PATHS = NO;
				ASSETCATALOG_COMPILER_GENERATE_SWIFT_ASSET_SYMBOL_EXTENSIONS = YES;
				CLANG_ANALYZER_NONNULL = YES;
				CLANG_ANALYZER_NUMBER_OBJECT_CONVERSION = YES_AGGRESSIVE;
				CLANG_CXX_LANGUAGE_STANDARD = "gnu++20";
				CLANG_ENABLE_MODULES = YES;
				CLANG_ENABLE_OBJC_ARC = YES;
				CLANG_ENABLE_OBJC_WEAK = YES;
				CLANG_WARN_BLOCK_CAPTURE_AUTORELEASING = YES;
				CLANG_WARN_BOOL_CONVERSION = YES;
				CLANG_WARN_COMMA = YES;
				CLANG_WARN_CONSTANT_CONVERSION = YES;
				CLANG_WARN_DEPRECATED_OBJC_IMPLEMENTATIONS = YES;
				CLANG_WARN_DIRECT_OBJC_ISA_USAGE = YES_ERROR;
				CLANG_WARN_DOCUMENTATION_COMMENTS = YES;
				CLANG_WARN_EMPTY_BODY = YES;
				CLANG_WARN_ENUM_CONVERSION = YES;
				CLANG_WARN_INFINITE_RECURSION = YES;
				CLANG_WARN_INT_CONVERSION = YES;
				CLANG_WARN_NON_LITERAL_NULL_CONVERSION = YES;
				CLANG_WARN_OBJC_IMPLICIT_RETAIN_SELF = YES;
				CLANG_WARN_OBJC_LITERAL_CONVERSION = YES;
				CLANG_WARN_OBJC_ROOT_CLASS = YES_ERROR;
				CLANG_WARN_QUOTED_INCLUDE_IN_FRAMEWORK_HEADER = YES;
				CLANG_WARN_RANGE_LOOP_ANALYSIS = YES;
				CLANG_WARN_STRICT_PROTOTYPES = YES;
				CLANG_WARN_SUSPICIOUS_MOVE = YES;
				CLANG_WARN_UNGUARDED_AVAILABILITY = YES_AGGRESSIVE;
				CLANG_WARN_UNREACHABLE_CODE = YES;
				CLANG_WARN__DUPLICATE_METHOD_MATCH = YES;
				COPY_PHASE_STRIP = NO;
				DEBUG_INFORMATION_FORMAT = "dwarf-with-dsym";
				ENABLE_NS_ASSERTIONS = NO;
				ENABLE_STRICT_OBJC_MSGSEND = YES;
				ENABLE_USER_SCRIPT_SANDBOXING = YES;
				GCC_C_LANGUAGE_STANDARD = gnu17;
				GCC_NO_COMMON_BLOCKS = YES;
				GCC_WARN_64_TO_32_BIT_CONVERSION = YES;
				GCC_WARN_ABOUT_RETURN_TYPE = YES_ERROR;
				GCC_WARN_UNDECLARED_SELECTOR = YES;
				GCC_WARN_UNINITIALIZED_AUTOS = YES_AGGRESSIVE;
				GCC_WARN_UNUSED_FUNCTION = YES;
				GCC_WARN_UNUSED_VARIABLE = YES;
				IPHONEOS_DEPLOYMENT_TARGET = 16.0;
				LOCALIZATION_PREFERS_STRING_CATALOGS = YES;
				MTL_ENABLE_DEBUG_INFO = NO;
				MTL_FAST_MATH = YES;
				SDKROOT = iphoneos;
				SWIFT_COMPILATION_MODE = wholemodule;
				VALIDATE_PRODUCT = YES;
			};
			name = Release;
		};
		A9000002 /* Debug */ = {
			isa = XCBuildConfiguration;
			buildSettings = {
				ASSETCATALOG_COMPILER_APPICON_NAME = AppIcon;
				ASSETCATALOG_COMPILER_GLOBAL_ACCENT_COLOR_NAME = AccentColor;
				CODE_SIGN_ENTITLEMENTS = BabyInCarApp/BabyInCarApp.entitlements;
				CODE_SIGN_STYLE = Automatic;
				CURRENT_PROJECT_VERSION = 1;
				DEVELOPMENT_TEAM = NMCB2JZ7QG;
				ENABLE_PREVIEWS = YES;
				GENERATE_INFOPLIST_FILE = NO;
				INFOPLIST_FILE = BabyInCarApp/Info.plist;
				INFOPLIST_KEY_CFBundleDisplayName = "Baby in Car";
				INFOPLIST_KEY_LSApplicationCategoryType = "public.app-category.lifestyle";
				INFOPLIST_KEY_UIApplicationSceneManifest_Generation = NO;
				INFOPLIST_KEY_UIApplicationSupportsIndirectInputEvents = YES;
				INFOPLIST_KEY_UILaunchStoryboardName = LaunchScreen;
				INFOPLIST_KEY_UISupportedInterfaceOrientations = "UIInterfaceOrientationLandscapeLeft UIInterfaceOrientationLandscapeRight UIInterfaceOrientationPortrait";
				INFOPLIST_KEY_UISupportedInterfaceOrientations_iPad = "UIInterfaceOrientationLandscapeLeft UIInterfaceOrientationLandscapeRight UIInterfaceOrientationPortrait UIInterfaceOrientationPortraitUpsideDown";
				LD_RUNPATH_SEARCH_PATHS = (
					"$(inherited)",
					"@executable_path/Frameworks",
				);
				MARKETING_VERSION = 1.0.0;
				PRODUCT_BUNDLE_IDENTIFIER = com.babyincar.app;
				PRODUCT_NAME = "$(TARGET_NAME)";
				SUPPORTED_PLATFORMS = "iphoneos iphonesimulator";
				SUPPORTS_MACCATALYST = NO;
				SWIFT_EMIT_LOC_STRINGS = YES;
				SWIFT_VERSION = 5.0;
				TARGETED_DEVICE_FAMILY = "1,2";
			};
			name = Debug;
		};
		A9000003 /* Release */ = {
			isa = XCBuildConfiguration;
			buildSettings = {
				ASSETCATALOG_COMPILER_APPICON_NAME = AppIcon;
				ASSETCATALOG_COMPILER_GLOBAL_ACCENT_COLOR_NAME = AccentColor;
				CODE_SIGN_ENTITLEMENTS = BabyInCarApp/BabyInCarApp.entitlements;
				CODE_SIGN_STYLE = Automatic;
				CURRENT_PROJECT_VERSION = 1;
				DEVELOPMENT_TEAM = NMCB2JZ7QG;
				ENABLE_PREVIEWS = YES;
				GENERATE_INFOPLIST_FILE = NO;
				INFOPLIST_FILE = BabyInCarApp/Info.plist;
				INFOPLIST_KEY_CFBundleDisplayName = "Baby in Car";
				INFOPLIST_KEY_LSApplicationCategoryType = "public.app-category.lifestyle";
				INFOPLIST_KEY_UIApplicationSceneManifest_Generation = NO;
				INFOPLIST_KEY_UIApplicationSupportsIndirectInputEvents = YES;
				INFOPLIST_KEY_UILaunchStoryboardName = LaunchScreen;
				INFOPLIST_KEY_UISupportedInterfaceOrientations = "UIInterfaceOrientationLandscapeLeft UIInterfaceOrientationLandscapeRight UIInterfaceOrientationPortrait";
				INFOPLIST_KEY_UISupportedInterfaceOrientations_iPad = "UIInterfaceOrientationLandscapeLeft UIInterfaceOrientationLandscapeRight UIInterfaceOrientationPortrait UIInterfaceOrientationPortraitUpsideDown";
				LD_RUNPATH_SEARCH_PATHS = (
					"$(inherited)",
					"@executable_path/Frameworks",
				);
				MARKETING_VERSION = 1.0.0;
				PRODUCT_BUNDLE_IDENTIFIER = com.babyincar.app;
				PRODUCT_NAME = "$(TARGET_NAME)";
				SUPPORTED_PLATFORMS = "iphoneos iphonesimulator";
				SUPPORTS_MACCATALYST = NO;
				SWIFT_EMIT_LOC_STRINGS = YES;
				SWIFT_VERSION = 5.0;
				TARGETED_DEVICE_FAMILY = "1,2";
			};
			name = Release;
		};
/* End XCBuildConfiguration section */

/* Begin XCConfigurationList section */
		A8000000 /* Build configuration list for PBXNativeTarget "BabyInCarApp" */ = {
			isa = XCConfigurationList;
			buildConfigurations = (
				A9000002 /* Debug */,
				A9000003 /* Release */,
			);
			defaultConfigurationIsVisible = 0;
			defaultConfigurationName = Release;
		};
		A8000001 /* Build configuration list for PBXProject "BabyInCarApp" */ = {
			isa = XCConfigurationList;
			buildConfigurations = (
				A9000000 /* Debug */,
				A9000001 /* Release */,
			);
			defaultConfigurationIsVisible = 0;
			defaultConfigurationName = Release;
		};
/* End XCConfigurationList section */
	};
	rootObject = A7000000 /* Project object */;
}
